// !$*UTF8*$!
{
	archiveVersion = 1;
	classes = {
	};
	objectVersion = 50;
	objects = {

/* Begin PBXBuildFile section */
		4AD69E63272E656A004C952F /* AppDelegate.m in Sources */ = {isa = PBXBuildFile; fileRef = 4AD69E62272E656A004C952F /* AppDelegate.m */; };
		4AD69E66272E656A004C952F /* SceneDelegate.m in Sources */ = {isa = PBXBuildFile; fileRef = 4AD69E65272E656A004C952F /* SceneDelegate.m */; };
		4AD69E69272E656A004C952F /* ViewController.mm in Sources */ = {isa = PBXBuildFile; fileRef = 4AD69E68272E656A004C952F /* ViewController.mm */; };
		4AD69E6C272E656A004C952F /* Main.storyboard in Resources */ = {isa = PBXBuildFile; fileRef = 4AD69E6A272E656A004C952F /* Main.storyboard */; };
		4AD69E6E272E6570004C952F /* Assets.xcassets in Resources */ = {isa = PBXBuildFile; fileRef = 4AD69E6D272E6570004C952F /* Assets.xcassets */; };
		4AD69E71272E6570004C952F /* LaunchScreen.storyboard in Resources */ = {isa = PBXBuildFile; fileRef = 4AD69E6F272E6570004C952F /* LaunchScreen.storyboard */; };
		4AD69E74272E6570004C952F /* main.m in Sources */ = {isa = PBXBuildFile; fileRef = 4AD69E73272E6570004C952F /* main.m */; };
		4AD69E7E272E6571004C952F /* global_stringTests.m in Sources */ = {isa = PBXBuildFile; fileRef = 4AD69E7D272E6571004C952F /* global_stringTests.m */; };
		4AD69E89272E6571004C952F /* global_stringUITests.m in Sources */ = {isa = PBXBuildFile; fileRef = 4AD69E88272E6571004C952F /* global_stringUITests.m */; };
		4AD69E9C272E65C7004C952F /* car.cc in Sources */ = {isa = PBXBuildFile; fileRef = 4AD69E99272E65C7004C952F /* car.cc */; };
		4AD69E9D272E65C7004C952F /* hook_cpp_init.mm in Sources */ = {isa = PBXBuildFile; fileRef = 4AD69E9A272E65C7004C952F /* hook_cpp_init.mm */; };
		4AD69E9E272E65C7004C952F /* student.cc in Sources */ = {isa = PBXBuildFile; fileRef = 4AD69E9B272E65C7004C952F /* student.cc */; };
		4AD69EA5272E65D4004C952F /* version_info.cc in Sources */ = {isa = PBXBuildFile; fileRef = 4AD69EA2272E65D4004C952F /* version_info.cc */; };
		4AD69EA6272E65D4004C952F /* teacher.cc in Sources */ = {isa = PBXBuildFile; fileRef = 4AD69EA4272E65D4004C952F /* teacher.cc */; };
/* End PBXBuildFile section */

/* Begin PBXContainerItemProxy section */
		4AD69E7A272E6571004C952F /* PBXContainerItemProxy */ = {
			isa = PBXContainerItemProxy;
			containerPortal = 4AD69E56272E656A004C952F /* Project object */;
			proxyType = 1;
			remoteGlobalIDString = 4AD69E5D272E656A004C952F;
			remoteInfo = global_string;
		};
		4AD69E85272E6571004C952F /* PBXContainerItemProxy */ = {
			isa = PBXContainerItemProxy;
			containerPortal = 4AD69E56272E656A004C952F /* Project object */;
			proxyType = 1;
			remoteGlobalIDString = 4AD69E5D272E656A004C952F;
			remoteInfo = global_string;
		};
/* End PBXContainerItemProxy section */

/* Begin PBXFileReference section */
		4AD69E5E272E656A004C952F /* global_string.app */ = {isa = PBXFileReference; explicitFileType = wrapper.application; includeInIndex = 0; path = global_string.app; sourceTree = BUILT_PRODUCTS_DIR; };
		4AD69E61272E656A004C952F /* AppDelegate.h */ = {isa = PBXFileReference; lastKnownFileType = sourcecode.c.h; path = AppDelegate.h; sourceTree = "<group>"; };
		4AD69E62272E656A004C952F /* AppDelegate.m */ = {isa = PBXFileReference; lastKnownFileType = sourcecode.c.objc; path = AppDelegate.m; sourceTree = "<group>"; };
		4AD69E64272E656A004C952F /* SceneDelegate.h */ = {isa = PBXFileReference; lastKnownFileType = sourcecode.c.h; path = SceneDelegate.h; sourceTree = "<group>"; };
		4AD69E65272E656A004C952F /* SceneDelegate.m */ = {isa = PBXFileReference; lastKnownFileType = sourcecode.c.objc; path = SceneDelegate.m; sourceTree = "<group>"; };
		4AD69E67272E656A004C952F /* ViewController.h */ = {isa = PBXFileReference; lastKnownFileType = sourcecode.c.h; path = ViewController.h; sourceTree = "<group>"; };
		4AD69E68272E656A004C952F /* ViewController.mm */ = {isa = PBXFileReference; lastKnownFileType = sourcecode.cpp.objcpp; path = ViewController.mm; sourceTree = "<group>"; };
		4AD69E6B272E656A004C952F /* Base */ = {isa = PBXFileReference; lastKnownFileType = file.storyboard; name = Base; path = Base.lproj/Main.storyboard; sourceTree = "<group>"; };
		4AD69E6D272E6570004C952F /* Assets.xcassets */ = {isa = PBXFileReference; lastKnownFileType = folder.assetcatalog; path = Assets.xcassets; sourceTree = "<group>"; };
		4AD69E70272E6570004C952F /* Base */ = {isa = PBXFileReference; lastKnownFileType = file.storyboard; name = Base; path = Base.lproj/LaunchScreen.storyboard; sourceTree = "<group>"; };
		4AD69E72272E6570004C952F /* Info.plist */ = {isa = PBXFileReference; lastKnownFileType = text.plist.xml; path = Info.plist; sourceTree = "<group>"; };
		4AD69E73272E6570004C952F /* main.m */ = {isa = PBXFileReference; lastKnownFileType = sourcecode.c.objc; path = main.m; sourceTree = "<group>"; };
		4AD69E79272E6571004C952F /* global_stringTests.xctest */ = {isa = PBXFileReference; explicitFileType = wrapper.cfbundle; includeInIndex = 0; path = global_stringTests.xctest; sourceTree = BUILT_PRODUCTS_DIR; };
		4AD69E7D272E6571004C952F /* global_stringTests.m */ = {isa = PBXFileReference; lastKnownFileType = sourcecode.c.objc; path = global_stringTests.m; sourceTree = "<group>"; };
		4AD69E7F272E6571004C952F /* Info.plist */ = {isa = PBXFileReference; lastKnownFileType = text.plist.xml; path = Info.plist; sourceTree = "<group>"; };
		4AD69E84272E6571004C952F /* global_stringUITests.xctest */ = {isa = PBXFileReference; explicitFileType = wrapper.cfbundle; includeInIndex = 0; path = global_stringUITests.xctest; sourceTree = BUILT_PRODUCTS_DIR; };
		4AD69E88272E6571004C952F /* global_stringUITests.m */ = {isa = PBXFileReference; lastKnownFileType = sourcecode.c.objc; path = global_stringUITests.m; sourceTree = "<group>"; };
		4AD69E8A272E6571004C952F /* Info.plist */ = {isa = PBXFileReference; lastKnownFileType = text.plist.xml; path = Info.plist; sourceTree = "<group>"; };
		4AD69E99272E65C7004C952F /* car.cc */ = {isa = PBXFileReference; fileEncoding = 4; lastKnownFileType = sourcecode.cpp.cpp; path = car.cc; sourceTree = "<group>"; };
		4AD69E9A272E65C7004C952F /* hook_cpp_init.mm */ = {isa = PBXFileReference; fileEncoding = 4; lastKnownFileType = sourcecode.cpp.objcpp; path = hook_cpp_init.mm; sourceTree = "<group>"; };
		4AD69E9B272E65C7004C952F /* student.cc */ = {isa = PBXFileReference; fileEncoding = 4; lastKnownFileType = sourcecode.cpp.cpp; path = student.cc; sourceTree = "<group>"; };
		4AD69EA2272E65D4004C952F /* version_info.cc */ = {isa = PBXFileReference; fileEncoding = 4; lastKnownFileType = sourcecode.cpp.cpp; path = version_info.cc; sourceTree = "<group>"; };
		4AD69EA3272E65D4004C952F /* version_info.h */ = {isa = PBXFileReference; fileEncoding = 4; lastKnownFileType = sourcecode.c.h; path = version_info.h; sourceTree = "<group>"; };
		4AD69EA4272E65D4004C952F /* teacher.cc */ = {isa = PBXFileReference; fileEncoding = 4; lastKnownFileType = sourcecode.cpp.cpp; path = teacher.cc; sourceTree = "<group>"; };
/* End PBXFileReference section */

/* Begin PBXFrameworksBuildPhase section */
		4AD69E5B272E656A004C952F /* Frameworks */ = {
			isa = PBXFrameworksBuildPhase;
			buildActionMask = 2147483647;
			files = (
			);
			runOnlyForDeploymentPostprocessing = 0;
		};
		4AD69E76272E6571004C952F /* Frameworks */ = {
			isa = PBXFrameworksBuildPhase;
			buildActionMask = 2147483647;
			files = (
			);
			runOnlyForDeploymentPostprocessing = 0;
		};
		4AD69E81272E6571004C952F /* Frameworks */ = {
			isa = PBXFrameworksBuildPhase;
			buildActionMask = 2147483647;
			files = (
			);
			runOnlyForDeploymentPostprocessing = 0;
		};
/* End PBXFrameworksBuildPhase section */

/* Begin PBXGroup section */
		4AD69E55272E656A004C952F = {
			isa = PBXGroup;
			children = (
				4AD69E60272E656A004C952F /* global_string */,
				4AD69E7C272E6571004C952F /* global_stringTests */,
				4AD69E87272E6571004C952F /* global_stringUITests */,
				4AD69E5F272E656A004C952F /* Products */,
			);
			sourceTree = "<group>";
		};
		4AD69E5F272E656A004C952F /* Products */ = {
			isa = PBXGroup;
			children = (
				4AD69E5E272E656A004C952F /* global_string.app */,
				4AD69E79272E6571004C952F /* global_stringTests.xctest */,
				4AD69E84272E6571004C952F /* global_stringUITests.xctest */,
			);
			name = Products;
			sourceTree = "<group>";
		};
		4AD69E60272E656A004C952F /* global_string */ = {
			isa = PBXGroup;
			children = (
				4AD69EA4272E65D4004C952F /* teacher.cc */,
				4AD69EA2272E65D4004C952F /* version_info.cc */,
				4AD69EA3272E65D4004C952F /* version_info.h */,
				4AD69E99272E65C7004C952F /* car.cc */,
				4AD69E9A272E65C7004C952F /* hook_cpp_init.mm */,
				4AD69E9B272E65C7004C952F /* student.cc */,
				4AD69E61272E656A004C952F /* AppDelegate.h */,
				4AD69E62272E656A004C952F /* AppDelegate.m */,
				4AD69E64272E656A004C952F /* SceneDelegate.h */,
				4AD69E65272E656A004C952F /* SceneDelegate.m */,
				4AD69E67272E656A004C952F /* ViewController.h */,
				4AD69E68272E656A004C952F /* ViewController.mm */,
				4AD69E6A272E656A004C952F /* Main.storyboard */,
				4AD69E6D272E6570004C952F /* Assets.xcassets */,
				4AD69E6F272E6570004C952F /* LaunchScreen.storyboard */,
				4AD69E72272E6570004C952F /* Info.plist */,
				4AD69E73272E6570004C952F /* main.m */,
			);
			path = global_string;
			sourceTree = "<group>";
		};
		4AD69E7C272E6571004C952F /* global_stringTests */ = {
			isa = PBXGroup;
			children = (
				4AD69E7D272E6571004C952F /* global_stringTests.m */,
				4AD69E7F272E6571004C952F /* Info.plist */,
			);
			path = global_stringTests;
			sourceTree = "<group>";
		};
		4AD69E87272E6571004C952F /* global_stringUITests */ = {
			isa = PBXGroup;
			children = (
				4AD69E88272E6571004C952F /* global_stringUITests.m */,
				4AD69E8A272E6571004C952F /* Info.plist */,
			);
			path = global_stringUITests;
			sourceTree = "<group>";
		};
/* End PBXGroup section */

/* Begin PBXNativeTarget section */
		4AD69E5D272E656A004C952F /* global_string */ = {
			isa = PBXNativeTarget;
			buildConfigurationList = 4AD69E8D272E6571004C952F /* Build configuration list for PBXNativeTarget "global_string" */;
			buildPhases = (
				4AD69E5A272E656A004C952F /* Sources */,
				4AD69E5B272E656A004C952F /* Frameworks */,
				4AD69E5C272E656A004C952F /* Resources */,
			);
			buildRules = (
			);
			dependencies = (
			);
			name = global_string;
			productName = global_string;
			productReference = 4AD69E5E272E656A004C952F /* global_string.app */;
			productType = "com.apple.product-type.application";
		};
		4AD69E78272E6571004C952F /* global_stringTests */ = {
			isa = PBXNativeTarget;
			buildConfigurationList = 4AD69E90272E6571004C952F /* Build configuration list for PBXNativeTarget "global_stringTests" */;
			buildPhases = (
				4AD69E75272E6571004C952F /* Sources */,
				4AD69E76272E6571004C952F /* Frameworks */,
				4AD69E77272E6571004C952F /* Resources */,
			);
			buildRules = (
			);
			dependencies = (
				4AD69E7B272E6571004C952F /* PBXTargetDependency */,
			);
			name = global_stringTests;
			productName = global_stringTests;
			productReference = 4AD69E79272E6571004C952F /* global_stringTests.xctest */;
			productType = "com.apple.product-type.bundle.unit-test";
		};
		4AD69E83272E6571004C952F /* global_stringUITests */ = {
			isa = PBXNativeTarget;
			buildConfigurationList = 4AD69E93272E6571004C952F /* Build configuration list for PBXNativeTarget "global_stringUITests" */;
			buildPhases = (
				4AD69E80272E6571004C952F /* Sources */,
				4AD69E81272E6571004C952F /* Frameworks */,
				4AD69E82272E6571004C952F /* Resources */,
			);
			buildRules = (
			);
			dependencies = (
				4AD69E86272E6571004C952F /* PBXTargetDependency */,
			);
			name = global_stringUITests;
			productName = global_stringUITests;
			productReference = 4AD69E84272E6571004C952F /* global_stringUITests.xctest */;
			productType = "com.apple.product-type.bundle.ui-testing";
		};
/* End PBXNativeTarget section */

/* Begin PBXProject section */
		4AD69E56272E656A004C952F /* Project object */ = {
			isa = PBXProject;
			attributes = {
				LastUpgradeCheck = 1240;
				TargetAttributes = {
					4AD69E5D272E656A004C952F = {
						CreatedOnToolsVersion = 12.4;
					};
					4AD69E78272E6571004C952F = {
						CreatedOnToolsVersion = 12.4;
						TestTargetID = 4AD69E5D272E656A004C952F;
					};
					4AD69E83272E6571004C952F = {
						CreatedOnToolsVersion = 12.4;
						TestTargetID = 4AD69E5D272E656A004C952F;
					};
				};
			};
			buildConfigurationList = 4AD69E59272E656A004C952F /* Build configuration list for PBXProject "global_string" */;
			compatibilityVersion = "Xcode 9.3";
			developmentRegion = en;
			hasScannedForEncodings = 0;
			knownRegions = (
				en,
				Base,
			);
			mainGroup = 4AD69E55272E656A004C952F;
			productRefGroup = 4AD69E5F272E656A004C952F /* Products */;
			projectDirPath = "";
			projectRoot = "";
			targets = (
				4AD69E5D272E656A004C952F /* global_string */,
				4AD69E78272E6571004C952F /* global_stringTests */,
				4AD69E83272E6571004C952F /* global_stringUITests */,
			);
		};
/* End PBXProject section */

/* Begin PBXResourcesBuildPhase section */
		4AD69E5C272E656A004C952F /* Resources */ = {
			isa = PBXResourcesBuildPhase;
			buildActionMask = 2147483647;
			files = (
				4AD69E71272E6570004C952F /* LaunchScreen.storyboard in Resources */,
				4AD69E6E272E6570004C952F /* Assets.xcassets in Resources */,
				4AD69E6C272E656A004C952F /* Main.storyboard in Resources */,
			);
			runOnlyForDeploymentPostprocessing = 0;
		};
		4AD69E77272E6571004C952F /* Resources */ = {
			isa = PBXResourcesBuildPhase;
			buildActionMask = 2147483647;
			files = (
			);
			runOnlyForDeploymentPostprocessing = 0;
		};
		4AD69E82272E6571004C952F /* Resources */ = {
			isa = PBXResourcesBuildPhase;
			buildActionMask = 2147483647;
			files = (
			);
			runOnlyForDeploymentPostprocessing = 0;
		};
/* End PBXResourcesBuildPhase section */

/* Begin PBXSourcesBuildPhase section */
		4AD69E5A272E656A004C952F /* Sources */ = {
			isa = PBXSourcesBuildPhase;
			buildActionMask = 2147483647;
			files = (
				4AD69E9D272E65C7004C952F /* hook_cpp_init.mm in Sources */,
				4AD69E9C272E65C7004C952F /* car.cc in Sources */,
				4AD69E69272E656A004C952F /* ViewController.mm in Sources */,
				4AD69E63272E656A004C952F /* AppDelegate.m in Sources */,
				4AD69EA6272E65D4004C952F /* teacher.cc in Sources */,
				4AD69EA5272E65D4004C952F /* version_info.cc in Sources */,
				4AD69E9E272E65C7004C952F /* student.cc in Sources */,
				4AD69E74272E6570004C952F /* main.m in Sources */,
				4AD69E66272E656A004C952F /* SceneDelegate.m in Sources */,
			);
			runOnlyForDeploymentPostprocessing = 0;
		};
		4AD69E75272E6571004C952F /* Sources */ = {
			isa = PBXSourcesBuildPhase;
			buildActionMask = 2147483647;
			files = (
				4AD69E7E272E6571004C952F /* global_stringTests.m in Sources */,
			);
			runOnlyForDeploymentPostprocessing = 0;
		};
		4AD69E80272E6571004C952F /* Sources */ = {
			isa = PBXSourcesBuildPhase;
			buildActionMask = 2147483647;
			files = (
				4AD69E89272E6571004C952F /* global_stringUITests.m in Sources */,
			);
			runOnlyForDeploymentPostprocessing = 0;
		};
/* End PBXSourcesBuildPhase section */

/* Begin PBXTargetDependency section */
		4AD69E7B272E6571004C952F /* PBXTargetDependency */ = {
			isa = PBXTargetDependency;
			target = 4AD69E5D272E656A004C952F /* global_string */;
			targetProxy = 4AD69E7A272E6571004C952F /* PBXContainerItemProxy */;
		};
		4AD69E86272E6571004C952F /* PBXTargetDependency */ = {
			isa = PBXTargetDependency;
			target = 4AD69E5D272E656A004C952F /* global_string */;
			targetProxy = 4AD69E85272E6571004C952F /* PBXContainerItemProxy */;
		};
/* End PBXTargetDependency section */

/* Begin PBXVariantGroup section */
		4AD69E6A272E656A004C952F /* Main.storyboard */ = {
			isa = PBXVariantGroup;
			children = (
				4AD69E6B272E656A004C952F /* Base */,
			);
			name = Main.storyboard;
			sourceTree = "<group>";
		};
		4AD69E6F272E6570004C952F /* LaunchScreen.storyboard */ = {
			isa = PBXVariantGroup;
			children = (
				4AD69E70272E6570004C952F /* Base */,
			);
			name = LaunchScreen.storyboard;
			sourceTree = "<group>";
		};
/* End PBXVariantGroup section */

/* Begin XCBuildConfiguration section */
		4AD69E8B272E6571004C952F /* Debug */ = {
			isa = XCBuildConfiguration;
			buildSettings = {
				ALWAYS_SEARCH_USER_PATHS = NO;
				CLANG_ANALYZER_NONNULL = YES;
				CLANG_ANALYZER_NUMBER_OBJECT_CONVERSION = YES_AGGRESSIVE;
				CLANG_CXX_LANGUAGE_STANDARD = "gnu++14";
				CLANG_CXX_LIBRARY = "libc++";
				CLANG_ENABLE_MODULES = YES;
				CLANG_ENABLE_OBJC_ARC = YES;
				CLANG_ENABLE_OBJC_WEAK = YES;
				CLANG_WARN_BLOCK_CAPTURE_AUTORELEASING = YES;
				CLANG_WARN_BOOL_CONVERSION = YES;
				CLANG_WARN_COMMA = YES;
				CLANG_WARN_CONSTANT_CONVERSION = YES;
				CLANG_WARN_DEPRECATED_OBJC_IMPLEMENTATIONS = YES;
				CLANG_WARN_DIRECT_OBJC_ISA_USAGE = YES_ERROR;
				CLANG_WARN_DOCUMENTATION_COMMENTS = YES;
				CLANG_WARN_EMPTY_BODY = YES;
				CLANG_WARN_ENUM_CONVERSION = YES;
				CLANG_WARN_INFINITE_RECURSION = YES;
				CLANG_WARN_INT_CONVERSION = YES;
				CLANG_WARN_NON_LITERAL_NULL_CONVERSION = YES;
				CLANG_WARN_OBJC_IMPLICIT_RETAIN_SELF = YES;
				CLANG_WARN_OBJC_LITERAL_CONVERSION = YES;
				CLANG_WARN_OBJC_ROOT_CLASS = YES_ERROR;
				CLANG_WARN_QUOTED_INCLUDE_IN_FRAMEWORK_HEADER = YES;
				CLANG_WARN_RANGE_LOOP_ANALYSIS = YES;
				CLANG_WARN_STRICT_PROTOTYPES = YES;
				CLANG_WARN_SUSPICIOUS_MOVE = YES;
				CLANG_WARN_UNGUARDED_AVAILABILITY = YES_AGGRESSIVE;
				CLANG_WARN_UNREACHABLE_CODE = YES;
				CLANG_WARN__DUPLICATE_METHOD_MATCH = YES;
				COPY_PHASE_STRIP = NO;
				DEBUG_INFORMATION_FORMAT = dwarf;
				ENABLE_STRICT_OBJC_MSGSEND = YES;
				ENABLE_TESTABILITY = YES;
				GCC_C_LANGUAGE_STANDARD = gnu11;
				GCC_DYNAMIC_NO_PIC = NO;
				GCC_NO_COMMON_BLOCKS = YES;
				GCC_OPTIMIZATION_LEVEL = 0;
				GCC_PREPROCESSOR_DEFINITIONS = (
					"DEBUG=1",
					"$(inherited)",
				);
				GCC_WARN_64_TO_32_BIT_CONVERSION = YES;
				GCC_WARN_ABOUT_RETURN_TYPE = YES_ERROR;
				GCC_WARN_UNDECLARED_SELECTOR = YES;
				GCC_WARN_UNINITIALIZED_AUTOS = YES_AGGRESSIVE;
				GCC_WARN_UNUSED_FUNCTION = YES;
				GCC_WARN_UNUSED_VARIABLE = YES;
				IPHONEOS_DEPLOYMENT_TARGET = 9.0;
				MTL_ENABLE_DEBUG_INFO = INCLUDE_SOURCE;
				MTL_FAST_MATH = YES;
				ONLY_ACTIVE_ARCH = YES;
				SDKROOT = iphoneos;
			};
			name = Debug;
		};
		4AD69E8C272E6571004C952F /* Release */ = {
			isa = XCBuildConfiguration;
			buildSettings = {
				ALWAYS_SEARCH_USER_PATHS = NO;
				CLANG_ANALYZER_NONNULL = YES;
				CLANG_ANALYZER_NUMBER_OBJECT_CONVERSION = YES_AGGRESSIVE;
				CLANG_CXX_LANGUAGE_STANDARD = "gnu++14";
				CLANG_CXX_LIBRARY = "libc++";
				CLANG_ENABLE_MODULES = YES;
				CLANG_ENABLE_OBJC_ARC = YES;
				CLANG_ENABLE_OBJC_WEAK = YES;
				CLANG_WARN_BLOCK_CAPTURE_AUTORELEASING = YES;
				CLANG_WARN_BOOL_CONVERSION = YES;
				CLANG_WARN_COMMA = YES;
				CLANG_WARN_CONSTANT_CONVERSION = YES;
				CLANG_WARN_DEPRECATED_OBJC_IMPLEMENTATIONS = YES;
				CLANG_WARN_DIRECT_OBJC_ISA_USAGE = YES_ERROR;
				CLANG_WARN_DOCUMENTATION_COMMENTS = YES;
				CLANG_WARN_EMPTY_BODY = YES;
				CLANG_WARN_ENUM_CONVERSION = YES;
				CLANG_WARN_INFINITE_RECURSION = YES;
				CLANG_WARN_INT_CONVERSION = YES;
				CLANG_WARN_NON_LITERAL_NULL_CONVERSION = YES;
				CLANG_WARN_OBJC_IMPLICIT_RETAIN_SELF = YES;
				CLANG_WARN_OBJC_LITERAL_CONVERSION = YES;
				CLANG_WARN_OBJC_ROOT_CLASS = YES_ERROR;
				CLANG_WARN_QUOTED_INCLUDE_IN_FRAMEWORK_HEADER = YES;
				CLANG_WARN_RANGE_LOOP_ANALYSIS = YES;
				CLANG_WARN_STRICT_PROTOTYPES = YES;
				CLANG_WARN_SUSPICIOUS_MOVE = YES;
				CLANG_WARN_UNGUARDED_AVAILABILITY = YES_AGGRESSIVE;
				CLANG_WARN_UNREACHABLE_CODE = YES;
				CLANG_WARN__DUPLICATE_METHOD_MATCH = YES;
				COPY_PHASE_STRIP = NO;
				DEBUG_INFORMATION_FORMAT = "dwarf-with-dsym";
				ENABLE_NS_ASSERTIONS = NO;
				ENABLE_STRICT_OBJC_MSGSEND = YES;
				GCC_C_LANGUAGE_STANDARD = gnu11;
				GCC_NO_COMMON_BLOCKS = YES;
				GCC_WARN_64_TO_32_BIT_CONVERSION = YES;
				GCC_WARN_ABOUT_RETURN_TYPE = YES_ERROR;
				GCC_WARN_UNDECLARED_SELECTOR = YES;
				GCC_WARN_UNINITIALIZED_AUTOS = YES_AGGRESSIVE;
				GCC_WARN_UNUSED_FUNCTION = YES;
				GCC_WARN_UNUSED_VARIABLE = YES;
				IPHONEOS_DEPLOYMENT_TARGET = 9.0;
				MTL_ENABLE_DEBUG_INFO = NO;
				MTL_FAST_MATH = YES;
				SDKROOT = iphoneos;
				VALIDATE_PRODUCT = YES;
			};
			name = Release;
		};
		4AD69E8E272E6571004C952F /* Debug */ = {
			isa = XCBuildConfiguration;
			buildSettings = {
				ASSETCATALOG_COMPILER_APPICON_NAME = AppIcon;
				ASSETCATALOG_COMPILER_GLOBAL_ACCENT_COLOR_NAME = AccentColor;
				CODE_SIGN_STYLE = Automatic;
				DEVELOPMENT_TEAM = 3C948DA9P6;
				INFOPLIST_FILE = global_string/Info.plist;
				LD_RUNPATH_SEARCH_PATHS = (
					"$(inherited)",
					"@executable_path/Frameworks",
				);
				PRODUCT_BUNDLE_IDENTIFIER = "com.mj.global-string";
				PRODUCT_NAME = "$(TARGET_NAME)";
				TARGETED_DEVICE_FAMILY = "1,2";
			};
			name = Debug;
		};
		4AD69E8F272E6571004C952F /* Release */ = {
			isa = XCBuildConfiguration;
			buildSettings = {
				ASSETCATALOG_COMPILER_APPICON_NAME = AppIcon;
				ASSETCATALOG_COMPILER_GLOBAL_ACCENT_COLOR_NAME = AccentColor;
				CODE_SIGN_STYLE = Automatic;
				DEVELOPMENT_TEAM = 3C948DA9P6;
				INFOPLIST_FILE = global_string/Info.plist;
				LD_RUNPATH_SEARCH_PATHS = (
					"$(inherited)",
					"@executable_path/Frameworks",
				);
				PRODUCT_BUNDLE_IDENTIFIER = "com.mj.global-string";
				PRODUCT_NAME = "$(TARGET_NAME)";
				TARGETED_DEVICE_FAMILY = "1,2";
			};
			name = Release;
		};
		4AD69E91272E6571004C952F /* Debug */ = {
			isa = XCBuildConfiguration;
			buildSettings = {
				BUNDLE_LOADER = "$(TEST_HOST)";
				CODE_SIGN_STYLE = Automatic;
				DEVELOPMENT_TEAM = 3C948DA9P6;
				INFOPLIST_FILE = global_stringTests/Info.plist;
				IPHONEOS_DEPLOYMENT_TARGET = 14.4;
				LD_RUNPATH_SEARCH_PATHS = (
					"$(inherited)",
					"@executable_path/Frameworks",
					"@loader_path/Frameworks",
				);
				PRODUCT_BUNDLE_IDENTIFIER = "com.mj.global-stringTests";
				PRODUCT_NAME = "$(TARGET_NAME)";
				TARGETED_DEVICE_FAMILY = "1,2";
				TEST_HOST = "$(BUILT_PRODUCTS_DIR)/global_string.app/global_string";
			};
			name = Debug;
		};
		4AD69E92272E6571004C952F /* Release */ = {
			isa = XCBuildConfiguration;
			buildSettings = {
				BUNDLE_LOADER = "$(TEST_HOST)";
				CODE_SIGN_STYLE = Automatic;
				DEVELOPMENT_TEAM = 3C948DA9P6;
				INFOPLIST_FILE = global_stringTests/Info.plist;
				IPHONEOS_DEPLOYMENT_TARGET = 14.4;
				LD_RUNPATH_SEARCH_PATHS = (
					"$(inherited)",
					"@executable_path/Frameworks",
					"@loader_path/Frameworks",
				);
				PRODUCT_BUNDLE_IDENTIFIER = "com.mj.global-stringTests";
				PRODUCT_NAME = "$(TARGET_NAME)";
				TARGETED_DEVICE_FAMILY = "1,2";
				TEST_HOST = "$(BUILT_PRODUCTS_DIR)/global_string.app/global_string";
			};
			name = Release;
		};
		4AD69E94272E6571004C952F /* Debug */ = {
			isa = XCBuildConfiguration;
			buildSettings = {
				CODE_SIGN_STYLE = Automatic;
				DEVELOPMENT_TEAM = 3C948DA9P6;
				INFOPLIST_FILE = global_stringUITests/Info.plist;
				LD_RUNPATH_SEARCH_PATHS = (
					"$(inherited)",
					"@executable_path/Frameworks",
					"@loader_path/Frameworks",
				);
				PRODUCT_BUNDLE_IDENTIFIER = "com.mj.global-stringUITests";
				PRODUCT_NAME = "$(TARGET_NAME)";
				TARGETED_DEVICE_FAMILY = "1,2";
				TEST_TARGET_NAME = global_string;
			};
			name = Debug;
		};
		4AD69E95272E6571004C952F /* Release */ = {
			isa = XCBuildConfiguration;
			buildSettings = {
				CODE_SIGN_STYLE = Automatic;
				DEVELOPMENT_TEAM = 3C948DA9P6;
				INFOPLIST_FILE = global_stringUITests/Info.plist;
				LD_RUNPATH_SEARCH_PATHS = (
					"$(inherited)",
					"@executable_path/Frameworks",
					"@loader_path/Frameworks",
				);
				PRODUCT_BUNDLE_IDENTIFIER = "com.mj.global-stringUITests";
				PRODUCT_NAME = "$(TARGET_NAME)";
				TARGETED_DEVICE_FAMILY = "1,2";
				TEST_TARGET_NAME = global_string;
			};
			name = Release;
		};
/* End XCBuildConfiguration section */

/* Begin XCConfigurationList section */
		4AD69E59272E656A004C952F /* Build configuration list for PBXProject "global_string" */ = {
			isa = XCConfigurationList;
			buildConfigurations = (
				4AD69E8B272E6571004C952F /* Debug */,
				4AD69E8C272E6571004C952F /* Release */,
			);
			defaultConfigurationIsVisible = 0;
			defaultConfigurationName = Release;
		};
		4AD69E8D272E6571004C952F /* Build configuration list for PBXNativeTarget "global_string" */ = {
			isa = XCConfigurationList;
			buildConfigurations = (
				4AD69E8E272E6571004C952F /* Debug */,
				4AD69E8F272E6571004C952F /* Release */,
			);
			defaultConfigurationIsVisible = 0;
			defaultConfigurationName = Release;
		};
		4AD69E90272E6571004C952F /* Build configuration list for PBXNativeTarget "global_stringTests" */ = {
			isa = XCConfigurationList;
			buildConfigurations = (
				4AD69E91272E6571004C952F /* Debug */,
				4AD69E92272E6571004C952F /* Release */,
			);
			defaultConfigurationIsVisible = 0;
			defaultConfigurationName = Release;
		};
		4AD69E93272E6571004C952F /* Build configuration list for PBXNativeTarget "global_stringUITests" */ = {
			isa = XCConfigurationList;
			buildConfigurations = (
				4AD69E94272E6571004C952F /* Debug */,
				4AD69E95272E6571004C952F /* Release */,
			);
			defaultConfigurationIsVisible = 0;
			defaultConfigurationName = Release;
		};
/* End XCConfigurationList section */
	};
	rootObject = 4AD69E56272E656A004C952F /* Project object */;
}
